
Microsoft Visual Studio Solution File, Format Version 12.00
# Visual Studio Version 17
VisualStudioVersion = 17.11.35303.130
MinimumVisualStudioVersion = 10.0.40219.1
Project("{9A19103F-16F7-4668-BE54-9A1E7A4F7556}") = "reveal-sql-server", "reveal-sql-server.csproj", "{759C7864-F8F7-4D21-B9DB-DFBBC09B39EE}"
EndProject
Global
	GlobalSection(SolutionConfigurationPlatforms) = preSolution
		Debug|Any CPU = Debug|Any CPU
		Debug|x64 = Debug|x64
		Release|Any CPU = Release|Any CPU
		Release|x64 = Release|x64
	EndGlobalSection
	GlobalSection(ProjectConfigurationPlatforms) = postSolution
		{759C7864-F8F7-4D21-B9DB-DFBBC09B39EE}.Debug|Any CPU.ActiveCfg = Debug|Any CPU
		{759C7864-F8F7-4D21-B9DB-DFBBC09B39EE}.Debug|Any CPU.Build.0 = Debug|Any CPU
		{759C7864-F8F7-4D21-B9DB-DFBBC09B39EE}.Debug|x64.ActiveCfg = Debug|x64
		{759C7864-F8F7-4D21-B9DB-DFBBC09B39EE}.Debug|x64.Build.0 = Debug|x64
		{759C7864-F8F7-4D21-B9DB-DFBBC09B39EE}.Release|Any CPU.ActiveCfg = Release|Any CPU
		{759C7864-F8F7-4D21-B9DB-DFBBC09B39EE}.Release|Any CPU.Build.0 = Release|Any CPU
		{759C7864-F8F7-4D21-B9DB-DFBBC09B39EE}.Release|x64.ActiveCfg = Release|x64
		{759C7864-F8F7-4D21-B9DB-DFBBC09B39EE}.Release|x64.Build.0 = Release|x64
	EndGlobalSection
	GlobalSection(SolutionProperties) = preSolution
		HideSolutionNode = FALSE
	EndGlobalSection
	GlobalSection(ExtensibilityGlobals) = postSolution
		SolutionGuid = {DFCB1A3D-F237-4DDE-934A-8A2EB5D2EF72}
	EndGlobalSection
EndGlobal
